
Microsoft Visual Studio Solution File, Format Version 12.00
# Visual Studio Version 17
VisualStudioVersion = 17.7.34031.279
MinimumVisualStudioVersion = 10.0.40219.1
Project("{FAE04EC0-301F-11D3-BF4B-00C04F79EFBC}") = "13.10.2023 Ресурсы", "13.10.2023 Ресурсы.csproj", "{F587E248-5343-435A-9333-84E4FABF0212}"
EndProject
Global
	GlobalSection(SolutionConfigurationPlatforms) = preSolution
		Debug|Any CPU = Debug|Any CPU
		Release|Any CPU = Release|Any CPU
	EndGlobalSection
	GlobalSection(ProjectConfigurationPlatforms) = postSolution
		{F587E248-5343-435A-9333-84E4FABF0212}.Debug|Any CPU.ActiveCfg = Debug|Any CPU
		{F587E248-5343-435A-9333-84E4FABF0212}.Debug|Any CPU.Build.0 = Debug|Any CPU
		{F587E248-5343-435A-9333-84E4FABF0212}.Release|Any CPU.ActiveCfg = Release|Any CPU
		{F587E248-5343-435A-9333-84E4FABF0212}.Release|Any CPU.Build.0 = Release|Any CPU
	EndGlobalSection
	GlobalSection(SolutionProperties) = preSolution
		HideSolutionNode = FALSE
	EndGlobalSection
	GlobalSection(ExtensibilityGlobals) = postSolution
		SolutionGuid = {F750384C-4772-41EA-80D2-467CFD9BB127}
	EndGlobalSection
EndGlobal
